
Microsoft Visual Studio Solution File, Format Version 12.00
# Visual Studio 15
VisualStudioVersion = 15.0.28307.1169
MinimumVisualStudioVersion = 10.0.40219.1
Project("{FAE04EC0-301F-11D3-BF4B-00C04F79EFBC}") = "Intranet", "Intranet\Intranet.csproj", "{EE5FD342-6972-4C1B-B3F0-26F443E12F1C}"
EndProject
Project("{FAE04EC0-301F-11D3-BF4B-00C04F79EFBC}") = "Control", "Control\Control.csproj", "{540ED959-B8AB-490D-B5B2-63AD1E99E46F}"
EndProject
Global
	GlobalSection(SolutionConfigurationPlatforms) = preSolution
		Debug|Any CPU = Debug|Any CPU
		Release|Any CPU = Release|Any CPU
	EndGlobalSection
	GlobalSection(ProjectConfigurationPlatforms) = postSolution
		{EE5FD342-6972-4C1B-B3F0-26F443E12F1C}.Debug|Any CPU.ActiveCfg = Debug|Any CPU
		{EE5FD342-6972-4C1B-B3F0-26F443E12F1C}.Debug|Any CPU.Build.0 = Debug|Any CPU
		{EE5FD342-6972-4C1B-B3F0-26F443E12F1C}.Release|Any CPU.ActiveCfg = Release|Any CPU
		{EE5FD342-6972-4C1B-B3F0-26F443E12F1C}.Release|Any CPU.Build.0 = Release|Any CPU
		{540ED959-B8AB-490D-B5B2-63AD1E99E46F}.Debug|Any CPU.ActiveCfg = Debug|Any CPU
		{540ED959-B8AB-490D-B5B2-63AD1E99E46F}.Debug|Any CPU.Build.0 = Debug|Any CPU
		{540ED959-B8AB-490D-B5B2-63AD1E99E46F}.Release|Any CPU.ActiveCfg = Release|Any CPU
		{540ED959-B8AB-490D-B5B2-63AD1E99E46F}.Release|Any CPU.Build.0 = Release|Any CPU
	EndGlobalSection
	GlobalSection(SolutionProperties) = preSolution
		HideSolutionNode = FALSE
	EndGlobalSection
	GlobalSection(ExtensibilityGlobals) = postSolution
		SolutionGuid = {AB502036-8CA8-4AE2-9791-31C8E9ABD890}
	EndGlobalSection
EndGlobal
